
Microsoft Visual Studio Solution File, Format Version 12.00
# Visual Studio Version 18
VisualStudioVersion = 18.2.11415.280
MinimumVisualStudioVersion = 10.0.40219.1
Project("{FAE04EC0-301F-11D3-BF4B-00C04F79EFBC}") = "LaboratoryFirst", "LaboratoryFirst\LaboratoryFirst.csproj", "{137B6DAC-380C-4F25-87AD-C9564AFD5434}"
EndProject
Project("{FAE04EC0-301F-11D3-BF4B-00C04F79EFBC}") = "LaboratoryFirstPersonModel", "LaboratoryFirstPersonModel\LaboratoryFirstPersonModel.csproj", "{9099320E-B01E-4E84-B3B2-29F65784E622}"
EndProject
Project("{FAE04EC0-301F-11D3-BF4B-00C04F79EFBC}") = "LaboratorySecond", "LaboratorySecond\LaboratorySecond.csproj", "{DE5186FA-BE95-4314-809A-4E4EF464CC6D}"
EndProject
Project("{FAE04EC0-301F-11D3-BF4B-00C04F79EFBC}") = "LaboratorySecondPersonModel", "LaboratorySecondPersonModel\LaboratorySecondPersonModel.csproj", "{290BF779-69F6-424A-BD05-99EFE2681AA3}"
EndProject
Project("{FAE04EC0-301F-11D3-BF4B-00C04F79EFBC}") = "LaboratoryThirdModel", "LaboratoryThirdModel\LaboratoryThirdModel.csproj", "{36C99073-8858-4094-9A35-B9CC529C48AE}"
EndProject
Project("{FAE04EC0-301F-11D3-BF4B-00C04F79EFBC}") = "LaboratoryThirdConsoleLoader", "LaboratoryThirdConsoleLoader\LaboratoryThirdConsoleLoader.csproj", "{1A232786-35BC-4116-AAD2-824C99E694D2}"
EndProject
Global
	GlobalSection(SolutionConfigurationPlatforms) = preSolution
		Debug|Any CPU = Debug|Any CPU
		Release|Any CPU = Release|Any CPU
	EndGlobalSection
	GlobalSection(ProjectConfigurationPlatforms) = postSolution
		{137B6DAC-380C-4F25-87AD-C9564AFD5434}.Debug|Any CPU.ActiveCfg = Debug|Any CPU
		{137B6DAC-380C-4F25-87AD-C9564AFD5434}.Debug|Any CPU.Build.0 = Debug|Any CPU
		{137B6DAC-380C-4F25-87AD-C9564AFD5434}.Release|Any CPU.ActiveCfg = Release|Any CPU
		{137B6DAC-380C-4F25-87AD-C9564AFD5434}.Release|Any CPU.Build.0 = Release|Any CPU
		{9099320E-B01E-4E84-B3B2-29F65784E622}.Debug|Any CPU.ActiveCfg = Debug|Any CPU
		{9099320E-B01E-4E84-B3B2-29F65784E622}.Debug|Any CPU.Build.0 = Debug|Any CPU
		{9099320E-B01E-4E84-B3B2-29F65784E622}.Release|Any CPU.ActiveCfg = Release|Any CPU
		{9099320E-B01E-4E84-B3B2-29F65784E622}.Release|Any CPU.Build.0 = Release|Any CPU
		{DE5186FA-BE95-4314-809A-4E4EF464CC6D}.Debug|Any CPU.ActiveCfg = Debug|Any CPU
		{DE5186FA-BE95-4314-809A-4E4EF464CC6D}.Debug|Any CPU.Build.0 = Debug|Any CPU
		{DE5186FA-BE95-4314-809A-4E4EF464CC6D}.Release|Any CPU.ActiveCfg = Release|Any CPU
		{DE5186FA-BE95-4314-809A-4E4EF464CC6D}.Release|Any CPU.Build.0 = Release|Any CPU
		{290BF779-69F6-424A-BD05-99EFE2681AA3}.Debug|Any CPU.ActiveCfg = Debug|Any CPU
		{290BF779-69F6-424A-BD05-99EFE2681AA3}.Debug|Any CPU.Build.0 = Debug|Any CPU
		{290BF779-69F6-424A-BD05-99EFE2681AA3}.Release|Any CPU.ActiveCfg = Release|Any CPU
		{290BF779-69F6-424A-BD05-99EFE2681AA3}.Release|Any CPU.Build.0 = Release|Any CPU
		{36C99073-8858-4094-9A35-B9CC529C48AE}.Debug|Any CPU.ActiveCfg = Debug|Any CPU
		{36C99073-8858-4094-9A35-B9CC529C48AE}.Debug|Any CPU.Build.0 = Debug|Any CPU
		{36C99073-8858-4094-9A35-B9CC529C48AE}.Release|Any CPU.ActiveCfg = Release|Any CPU
		{36C99073-8858-4094-9A35-B9CC529C48AE}.Release|Any CPU.Build.0 = Release|Any CPU
		{1A232786-35BC-4116-AAD2-824C99E694D2}.Debug|Any CPU.ActiveCfg = Debug|Any CPU
		{1A232786-35BC-4116-AAD2-824C99E694D2}.Debug|Any CPU.Build.0 = Debug|Any CPU
		{1A232786-35BC-4116-AAD2-824C99E694D2}.Release|Any CPU.ActiveCfg = Release|Any CPU
		{1A232786-35BC-4116-AAD2-824C99E694D2}.Release|Any CPU.Build.0 = Release|Any CPU
	EndGlobalSection
	GlobalSection(SolutionProperties) = preSolution
		HideSolutionNode = FALSE
	EndGlobalSection
	GlobalSection(ExtensibilityGlobals) = postSolution
		SolutionGuid = {EC6A83C4-FF8E-430A-82D9-001FFCDDEEA5}
	EndGlobalSection
EndGlobal
